
Microsoft Visual Studio Solution File, Format Version 12.00
# Visual Studio Version 16
VisualStudioVersion = 16.0.29411.108
MinimumVisualStudioVersion = 10.0.40219.1
Project("{9A19103F-16F7-4668-BE54-9A1E7A4F7556}") = "GamesManager", "GameManager\GamesManager.csproj", "{D7093CC0-7197-49F2-B3F9-79CADF5BC8D5}"
EndProject
Project("{FAE04EC0-301F-11D3-BF4B-00C04F79EFBC}") = "GamesManager.Infrastructure", "GamesManager.Infrastructure\GamesManager.Infrastructure.csproj", "{5A834D5A-8AF9-485A-923B-A7191169EEC6}"
EndProject
Project("{FAE04EC0-301F-11D3-BF4B-00C04F79EFBC}") = "DataLayer", "DataLayer\DataLayer.csproj", "{017E1185-143F-45D5-99D4-EDFF6D778181}"
EndProject
Project("{FAE04EC0-301F-11D3-BF4B-00C04F79EFBC}") = "DataLayer.Infrastructure", "DataLayer.Infrastructure\DataLayer.Infrastructure.csproj", "{AB9747E1-A412-4FBB-8A22-5E5D1CF018A8}"
EndProject
Global
	GlobalSection(SolutionConfigurationPlatforms) = preSolution
		Debug|Any CPU = Debug|Any CPU
		Release|Any CPU = Release|Any CPU
	EndGlobalSection
	GlobalSection(ProjectConfigurationPlatforms) = postSolution
		{D7093CC0-7197-49F2-B3F9-79CADF5BC8D5}.Debug|Any CPU.ActiveCfg = Debug|Any CPU
		{D7093CC0-7197-49F2-B3F9-79CADF5BC8D5}.Debug|Any CPU.Build.0 = Debug|Any CPU
		{D7093CC0-7197-49F2-B3F9-79CADF5BC8D5}.Release|Any CPU.ActiveCfg = Release|Any CPU
		{D7093CC0-7197-49F2-B3F9-79CADF5BC8D5}.Release|Any CPU.Build.0 = Release|Any CPU
		{5A834D5A-8AF9-485A-923B-A7191169EEC6}.Debug|Any CPU.ActiveCfg = Debug|Any CPU
		{5A834D5A-8AF9-485A-923B-A7191169EEC6}.Debug|Any CPU.Build.0 = Debug|Any CPU
		{5A834D5A-8AF9-485A-923B-A7191169EEC6}.Release|Any CPU.ActiveCfg = Release|Any CPU
		{5A834D5A-8AF9-485A-923B-A7191169EEC6}.Release|Any CPU.Build.0 = Release|Any CPU
		{017E1185-143F-45D5-99D4-EDFF6D778181}.Debug|Any CPU.ActiveCfg = Debug|Any CPU
		{017E1185-143F-45D5-99D4-EDFF6D778181}.Debug|Any CPU.Build.0 = Debug|Any CPU
		{017E1185-143F-45D5-99D4-EDFF6D778181}.Release|Any CPU.ActiveCfg = Release|Any CPU
		{017E1185-143F-45D5-99D4-EDFF6D778181}.Release|Any CPU.Build.0 = Release|Any CPU
		{AB9747E1-A412-4FBB-8A22-5E5D1CF018A8}.Debug|Any CPU.ActiveCfg = Debug|Any CPU
		{AB9747E1-A412-4FBB-8A22-5E5D1CF018A8}.Debug|Any CPU.Build.0 = Debug|Any CPU
		{AB9747E1-A412-4FBB-8A22-5E5D1CF018A8}.Release|Any CPU.ActiveCfg = Release|Any CPU
		{AB9747E1-A412-4FBB-8A22-5E5D1CF018A8}.Release|Any CPU.Build.0 = Release|Any CPU
	EndGlobalSection
	GlobalSection(SolutionProperties) = preSolution
		HideSolutionNode = FALSE
	EndGlobalSection
	GlobalSection(ExtensibilityGlobals) = postSolution
		SolutionGuid = {8C877B56-0BF7-4A27-8154-963D9249E375}
	EndGlobalSection
EndGlobal
