
Microsoft Visual Studio Solution File, Format Version 12.00
# Visual Studio Version 16
VisualStudioVersion = 16.0.29102.190
MinimumVisualStudioVersion = 10.0.40219.1
Project("{9A19103F-16F7-4668-BE54-9A1E7A4F7556}") = "AisBenefits", "AisBenefits\AisBenefits.csproj", "{11681A23-514C-4F62-95A9-AB646D74B534}"
EndProject
Project("{9A19103F-16F7-4668-BE54-9A1E7A4F7556}") = "DataLayer", "DataLayer\DataLayer.csproj", "{08B1246E-F514-4BF5-9344-F2220C9BD609}"
EndProject
Project("{9A19103F-16F7-4668-BE54-9A1E7A4F7556}") = "AisBenefits.Infrastructure", "AisBenefits.Infrastructure\AisBenefits.Infrastructure.csproj", "{E0335183-0D09-401F-9D80-B1BF00E24D74}"
EndProject
Project("{9A19103F-16F7-4668-BE54-9A1E7A4F7556}") = "DataLayer.Infrastructure", "DataLayer.Infrastructure\DataLayer.Infrastructure.csproj", "{43A54C3F-81B3-46CE-B947-9577E6D86207}"
EndProject
Project("{9A19103F-16F7-4668-BE54-9A1E7A4F7556}") = "OldDataImport.App", "OldDataImport.App\OldDataImport.App.csproj", "{23860729-D145-49BD-A50B-2AF2EE9B1E64}"
EndProject
Project("{9A19103F-16F7-4668-BE54-9A1E7A4F7556}") = "AisBenefits.App.Test", "AisBenefits.App.Test\AisBenefits.App.Test.csproj", "{12103007-B68C-4564-9C49-4A069652F1D5}"
EndProject
Project("{FAE04EC0-301F-11D3-BF4B-00C04F79EFBC}") = "DataLayer.NpgSql", "DataLayer.NpgSql\DataLayer.NpgSql.csproj", "{B7607724-BCE7-4761-B5A2-D8962B573868}"
EndProject
Project("{FAE04EC0-301F-11D3-BF4B-00C04F79EFBC}") = "AisBenefits.CLI", "AisBenefits.CLI\AisBenefits.CLI.csproj", "{D2A9629E-3264-4BEB-AC2A-A20AB8C66DC9}"
EndProject
Global
	GlobalSection(SolutionConfigurationPlatforms) = preSolution
		Debug|Any CPU = Debug|Any CPU
		Release|Any CPU = Release|Any CPU
	EndGlobalSection
	GlobalSection(ProjectConfigurationPlatforms) = postSolution
		{11681A23-514C-4F62-95A9-AB646D74B534}.Debug|Any CPU.ActiveCfg = Debug|Any CPU
		{11681A23-514C-4F62-95A9-AB646D74B534}.Debug|Any CPU.Build.0 = Debug|Any CPU
		{11681A23-514C-4F62-95A9-AB646D74B534}.Release|Any CPU.ActiveCfg = Release|Any CPU
		{11681A23-514C-4F62-95A9-AB646D74B534}.Release|Any CPU.Build.0 = Release|Any CPU
		{08B1246E-F514-4BF5-9344-F2220C9BD609}.Debug|Any CPU.ActiveCfg = Debug|Any CPU
		{08B1246E-F514-4BF5-9344-F2220C9BD609}.Debug|Any CPU.Build.0 = Debug|Any CPU
		{08B1246E-F514-4BF5-9344-F2220C9BD609}.Release|Any CPU.ActiveCfg = Release|Any CPU
		{08B1246E-F514-4BF5-9344-F2220C9BD609}.Release|Any CPU.Build.0 = Release|Any CPU
		{E0335183-0D09-401F-9D80-B1BF00E24D74}.Debug|Any CPU.ActiveCfg = Debug|Any CPU
		{E0335183-0D09-401F-9D80-B1BF00E24D74}.Debug|Any CPU.Build.0 = Debug|Any CPU
		{E0335183-0D09-401F-9D80-B1BF00E24D74}.Release|Any CPU.ActiveCfg = Release|Any CPU
		{E0335183-0D09-401F-9D80-B1BF00E24D74}.Release|Any CPU.Build.0 = Release|Any CPU
		{43A54C3F-81B3-46CE-B947-9577E6D86207}.Debug|Any CPU.ActiveCfg = Debug|Any CPU
		{43A54C3F-81B3-46CE-B947-9577E6D86207}.Debug|Any CPU.Build.0 = Debug|Any CPU
		{43A54C3F-81B3-46CE-B947-9577E6D86207}.Release|Any CPU.ActiveCfg = Release|Any CPU
		{43A54C3F-81B3-46CE-B947-9577E6D86207}.Release|Any CPU.Build.0 = Release|Any CPU
		{23860729-D145-49BD-A50B-2AF2EE9B1E64}.Debug|Any CPU.ActiveCfg = Debug|Any CPU
		{23860729-D145-49BD-A50B-2AF2EE9B1E64}.Debug|Any CPU.Build.0 = Debug|Any CPU
		{23860729-D145-49BD-A50B-2AF2EE9B1E64}.Release|Any CPU.ActiveCfg = Release|Any CPU
		{23860729-D145-49BD-A50B-2AF2EE9B1E64}.Release|Any CPU.Build.0 = Release|Any CPU
		{12103007-B68C-4564-9C49-4A069652F1D5}.Debug|Any CPU.ActiveCfg = Debug|Any CPU
		{12103007-B68C-4564-9C49-4A069652F1D5}.Debug|Any CPU.Build.0 = Debug|Any CPU
		{12103007-B68C-4564-9C49-4A069652F1D5}.Release|Any CPU.ActiveCfg = Release|Any CPU
		{12103007-B68C-4564-9C49-4A069652F1D5}.Release|Any CPU.Build.0 = Release|Any CPU
		{B7607724-BCE7-4761-B5A2-D8962B573868}.Debug|Any CPU.ActiveCfg = Debug|Any CPU
		{B7607724-BCE7-4761-B5A2-D8962B573868}.Debug|Any CPU.Build.0 = Debug|Any CPU
		{B7607724-BCE7-4761-B5A2-D8962B573868}.Release|Any CPU.ActiveCfg = Release|Any CPU
		{B7607724-BCE7-4761-B5A2-D8962B573868}.Release|Any CPU.Build.0 = Release|Any CPU
		{D2A9629E-3264-4BEB-AC2A-A20AB8C66DC9}.Debug|Any CPU.ActiveCfg = Debug|Any CPU
		{D2A9629E-3264-4BEB-AC2A-A20AB8C66DC9}.Debug|Any CPU.Build.0 = Debug|Any CPU
		{D2A9629E-3264-4BEB-AC2A-A20AB8C66DC9}.Release|Any CPU.ActiveCfg = Release|Any CPU
		{D2A9629E-3264-4BEB-AC2A-A20AB8C66DC9}.Release|Any CPU.Build.0 = Release|Any CPU
	EndGlobalSection
	GlobalSection(SolutionProperties) = preSolution
		HideSolutionNode = FALSE
	EndGlobalSection
	GlobalSection(ExtensibilityGlobals) = postSolution
		SolutionGuid = {435F9C00-A99A-4B2D-9D20-55FB0D3137CC}
	EndGlobalSection
EndGlobal
